// !$*UTF8*$!
{
	archiveVersion = 1;
	classes = {
	};
	objectVersion = 56;
	objects = {

/* Begin PBXBuildFile section */
		152EAD632A1A28290088BCE3 /* CustomActionButton.swift in Sources */ = {isa = PBXBuildFile; fileRef = 152EAD622A1A28290088BCE3 /* CustomActionButton.swift */; };
		152FC7052A1765E1004B6B81 /* AppDelegate.swift in Sources */ = {isa = PBXBuildFile; fileRef = 152FC7042A1765E1004B6B81 /* AppDelegate.swift */; };
		152FC70E2A1765E2004B6B81 /* Assets.xcassets in Resources */ = {isa = PBXBuildFile; fileRef = 152FC70D2A1765E2004B6B81 /* Assets.xcassets */; };
		152FC7112A1765E2004B6B81 /* LaunchScreen.storyboard in Resources */ = {isa = PBXBuildFile; fileRef = 152FC70F2A1765E2004B6B81 /* LaunchScreen.storyboard */; };
		152FC7192A176745004B6B81 /* MainViewController.swift in Sources */ = {isa = PBXBuildFile; fileRef = 152FC7182A176745004B6B81 /* MainViewController.swift */; };
		152FC71B2A1767D0004B6B81 /* CardCell.swift in Sources */ = {isa = PBXBuildFile; fileRef = 152FC71A2A1767D0004B6B81 /* CardCell.swift */; };
		152FC71D2A1767ED004B6B81 /* MemoryGame.swift in Sources */ = {isa = PBXBuildFile; fileRef = 152FC71C2A1767ED004B6B81 /* MemoryGame.swift */; };
		152FC71F2A176808004B6B81 /* Service.swift in Sources */ = {isa = PBXBuildFile; fileRef = 152FC71E2A176808004B6B81 /* Service.swift */; };
		152FC7212A176810004B6B81 /* Colors.swift in Sources */ = {isa = PBXBuildFile; fileRef = 152FC7202A176810004B6B81 /* Colors.swift */; };
		152FC7232A17681D004B6B81 /* CustomConstraints.swift in Sources */ = {isa = PBXBuildFile; fileRef = 152FC7222A17681D004B6B81 /* CustomConstraints.swift */; };
		152FC7252A176C7B004B6B81 /* Card.swift in Sources */ = {isa = PBXBuildFile; fileRef = 152FC7242A176C7B004B6B81 /* Card.swift */; };
/* End PBXBuildFile section */

/* Begin PBXFileReference section */
		152EAD622A1A28290088BCE3 /* CustomActionButton.swift */ = {isa = PBXFileReference; lastKnownFileType = sourcecode.swift; path = CustomActionButton.swift; sourceTree = "<group>"; };
		152FC7012A1765E1004B6B81 /* iOS-Final.app */ = {isa = PBXFileReference; explicitFileType = wrapper.application; includeInIndex = 0; path = "iOS-Final.app"; sourceTree = BUILT_PRODUCTS_DIR; };
		152FC7042A1765E1004B6B81 /* AppDelegate.swift */ = {isa = PBXFileReference; lastKnownFileType = sourcecode.swift; path = AppDelegate.swift; sourceTree = "<group>"; };
		152FC70D2A1765E2004B6B81 /* Assets.xcassets */ = {isa = PBXFileReference; lastKnownFileType = folder.assetcatalog; path = Assets.xcassets; sourceTree = "<group>"; };
		152FC7102A1765E2004B6B81 /* Base */ = {isa = PBXFileReference; lastKnownFileType = file.storyboard; name = Base; path = Base.lproj/LaunchScreen.storyboard; sourceTree = "<group>"; };
		152FC7122A1765E2004B6B81 /* Info.plist */ = {isa = PBXFileReference; lastKnownFileType = text.plist.xml; path = Info.plist; sourceTree = "<group>"; };
		152FC7182A176745004B6B81 /* MainViewController.swift */ = {isa = PBXFileReference; lastKnownFileType = sourcecode.swift; path = MainViewController.swift; sourceTree = "<group>"; };
		152FC71A2A1767D0004B6B81 /* CardCell.swift */ = {isa = PBXFileReference; lastKnownFileType = sourcecode.swift; path = CardCell.swift; sourceTree = "<group>"; };
		152FC71C2A1767ED004B6B81 /* MemoryGame.swift */ = {isa = PBXFileReference; lastKnownFileType = sourcecode.swift; path = MemoryGame.swift; sourceTree = "<group>"; };
		152FC71E2A176808004B6B81 /* Service.swift */ = {isa = PBXFileReference; lastKnownFileType = sourcecode.swift; path = Service.swift; sourceTree = "<group>"; };
		152FC7202A176810004B6B81 /* Colors.swift */ = {isa = PBXFileReference; lastKnownFileType = sourcecode.swift; path = Colors.swift; sourceTree = "<group>"; };
		152FC7222A17681D004B6B81 /* CustomConstraints.swift */ = {isa = PBXFileReference; lastKnownFileType = sourcecode.swift; path = CustomConstraints.swift; sourceTree = "<group>"; };
		152FC7242A176C7B004B6B81 /* Card.swift */ = {isa = PBXFileReference; lastKnownFileType = sourcecode.swift; path = Card.swift; sourceTree = "<group>"; };
/* End PBXFileReference section */

/* Begin PBXFrameworksBuildPhase section */
		152FC6FE2A1765E1004B6B81 /* Frameworks */ = {
			isa = PBXFrameworksBuildPhase;
			buildActionMask = 2147483647;
			files = (
			);
			runOnlyForDeploymentPostprocessing = 0;
		};
/* End PBXFrameworksBuildPhase section */

/* Begin PBXGroup section */
		152EAD612A1A281D0088BCE3 /* Helpers */ = {
			isa = PBXGroup;
			children = (
				152FC7202A176810004B6B81 /* Colors.swift */,
				152FC7222A17681D004B6B81 /* CustomConstraints.swift */,
				152EAD622A1A28290088BCE3 /* CustomActionButton.swift */,
			);
			path = Helpers;
			sourceTree = "<group>";
		};
		152FC6F82A1765E1004B6B81 = {
			isa = PBXGroup;
			children = (
				152FC7032A1765E1004B6B81 /* iOS-Final */,
				152FC7022A1765E1004B6B81 /* Products */,
			);
			sourceTree = "<group>";
		};
		152FC7022A1765E1004B6B81 /* Products */ = {
			isa = PBXGroup;
			children = (
				152FC7012A1765E1004B6B81 /* iOS-Final.app */,
			);
			name = Products;
			sourceTree = "<group>";
		};
		152FC7032A1765E1004B6B81 /* iOS-Final */ = {
			isa = PBXGroup;
			children = (
				152FC7042A1765E1004B6B81 /* AppDelegate.swift */,
				152FC7182A176745004B6B81 /* MainViewController.swift */,
				152FC71C2A1767ED004B6B81 /* MemoryGame.swift */,
				152FC7272A176DC1004B6B81 /* Services */,
				152FC7262A176DB5004B6B81 /* Models */,
				152FC7282A177AFE004B6B81 /* View */,
				152EAD612A1A281D0088BCE3 /* Helpers */,
				152FC70D2A1765E2004B6B81 /* Assets.xcassets */,
				152FC70F2A1765E2004B6B81 /* LaunchScreen.storyboard */,
				152FC7122A1765E2004B6B81 /* Info.plist */,
			);
			path = "iOS-Final";
			sourceTree = "<group>";
		};
		152FC7262A176DB5004B6B81 /* Models */ = {
			isa = PBXGroup;
			children = (
				152FC7242A176C7B004B6B81 /* Card.swift */,
			);
			path = Models;
			sourceTree = "<group>";
		};
		152FC7272A176DC1004B6B81 /* Services */ = {
			isa = PBXGroup;
			children = (
				152FC71E2A176808004B6B81 /* Service.swift */,
			);
			path = Services;
			sourceTree = "<group>";
		};
		152FC7282A177AFE004B6B81 /* View */ = {
			isa = PBXGroup;
			children = (
				152FC71A2A1767D0004B6B81 /* CardCell.swift */,
			);
			path = View;
			sourceTree = "<group>";
		};
/* End PBXGroup section */

/* Begin PBXNativeTarget section */
		152FC7002A1765E1004B6B81 /* iOS-Final */ = {
			isa = PBXNativeTarget;
			buildConfigurationList = 152FC7152A1765E2004B6B81 /* Build configuration list for PBXNativeTarget "iOS-Final" */;
			buildPhases = (
				152FC6FD2A1765E1004B6B81 /* Sources */,
				152FC6FE2A1765E1004B6B81 /* Frameworks */,
				152FC6FF2A1765E1004B6B81 /* Resources */,
			);
			buildRules = (
			);
			dependencies = (
			);
			name = "iOS-Final";
			productName = "iOS-Final";
			productReference = 152FC7012A1765E1004B6B81 /* iOS-Final.app */;
			productType = "com.apple.product-type.application";
		};
/* End PBXNativeTarget section */

/* Begin PBXProject section */
		152FC6F92A1765E1004B6B81 /* Project object */ = {
			isa = PBXProject;
			attributes = {
				BuildIndependentTargetsInParallel = 1;
				LastSwiftUpdateCheck = 1430;
				LastUpgradeCheck = 1430;
				TargetAttributes = {
					152FC7002A1765E1004B6B81 = {
						CreatedOnToolsVersion = 14.3;
					};
				};
			};
			buildConfigurationList = 152FC6FC2A1765E1004B6B81 /* Build configuration list for PBXProject "iOS-Final" */;
			compatibilityVersion = "Xcode 14.0";
			developmentRegion = en;
			hasScannedForEncodings = 0;
			knownRegions = (
				en,
				Base,
			);
			mainGroup = 152FC6F82A1765E1004B6B81;
			productRefGroup = 152FC7022A1765E1004B6B81 /* Products */;
			projectDirPath = "";
			projectRoot = "";
			targets = (
				152FC7002A1765E1004B6B81 /* iOS-Final */,
			);
		};
/* End PBXProject section */

/* Begin PBXResourcesBuildPhase section */
		152FC6FF2A1765E1004B6B81 /* Resources */ = {
			isa = PBXResourcesBuildPhase;
			buildActionMask = 2147483647;
			files = (
				152FC7112A1765E2004B6B81 /* LaunchScreen.storyboard in Resources */,
				152FC70E2A1765E2004B6B81 /* Assets.xcassets in Resources */,
			);
			runOnlyForDeploymentPostprocessing = 0;
		};
/* End PBXResourcesBuildPhase section */

/* Begin PBXSourcesBuildPhase section */
		152FC6FD2A1765E1004B6B81 /* Sources */ = {
			isa = PBXSourcesBuildPhase;
			buildActionMask = 2147483647;
			files = (
				152FC7192A176745004B6B81 /* MainViewController.swift in Sources */,
				152FC7252A176C7B004B6B81 /* Card.swift in Sources */,
				152FC7052A1765E1004B6B81 /* AppDelegate.swift in Sources */,
				152FC71D2A1767ED004B6B81 /* MemoryGame.swift in Sources */,
				152FC7212A176810004B6B81 /* Colors.swift in Sources */,
				152FC7232A17681D004B6B81 /* CustomConstraints.swift in Sources */,
				152EAD632A1A28290088BCE3 /* CustomActionButton.swift in Sources */,
				152FC71B2A1767D0004B6B81 /* CardCell.swift in Sources */,
				152FC71F2A176808004B6B81 /* Service.swift in Sources */,
			);
			runOnlyForDeploymentPostprocessing = 0;
		};
/* End PBXSourcesBuildPhase section */

/* Begin PBXVariantGroup section */
		152FC70F2A1765E2004B6B81 /* LaunchScreen.storyboard */ = {
			isa = PBXVariantGroup;
			children = (
				152FC7102A1765E2004B6B81 /* Base */,
			);
			name = LaunchScreen.storyboard;
			sourceTree = "<group>";
		};
/* End PBXVariantGroup section */

/* Begin XCBuildConfiguration section */
		152FC7132A1765E2004B6B81 /* Debug */ = {
			isa = XCBuildConfiguration;
			buildSettings = {
				ALWAYS_SEARCH_USER_PATHS = NO;
				CLANG_ANALYZER_NONNULL = YES;
				CLANG_ANALYZER_NUMBER_OBJECT_CONVERSION = YES_AGGRESSIVE;
				CLANG_CXX_LANGUAGE_STANDARD = "gnu++20";
				CLANG_ENABLE_MODULES = YES;
				CLANG_ENABLE_OBJC_ARC = YES;
				CLANG_ENABLE_OBJC_WEAK = YES;
				CLANG_WARN_BLOCK_CAPTURE_AUTORELEASING = YES;
				CLANG_WARN_BOOL_CONVERSION = YES;
				CLANG_WARN_COMMA = YES;
				CLANG_WARN_CONSTANT_CONVERSION = YES;
				CLANG_WARN_DEPRECATED_OBJC_IMPLEMENTATIONS = YES;
				CLANG_WARN_DIRECT_OBJC_ISA_USAGE = YES_ERROR;
				CLANG_WARN_DOCUMENTATION_COMMENTS = YES;
				CLANG_WARN_EMPTY_BODY = YES;
				CLANG_WARN_ENUM_CONVERSION = YES;
				CLANG_WARN_INFINITE_RECURSION = YES;
				CLANG_WARN_INT_CONVERSION = YES;
				CLANG_WARN_NON_LITERAL_NULL_CONVERSION = YES;
				CLANG_WARN_OBJC_IMPLICIT_RETAIN_SELF = YES;
				CLANG_WARN_OBJC_LITERAL_CONVERSION = YES;
				CLANG_WARN_OBJC_ROOT_CLASS = YES_ERROR;
				CLANG_WARN_QUOTED_INCLUDE_IN_FRAMEWORK_HEADER = YES;
				CLANG_WARN_RANGE_LOOP_ANALYSIS = YES;
				CLANG_WARN_STRICT_PROTOTYPES = YES;
				CLANG_WARN_SUSPICIOUS_MOVE = YES;
				CLANG_WARN_UNGUARDED_AVAILABILITY = YES_AGGRESSIVE;
				CLANG_WARN_UNREACHABLE_CODE = YES;
				CLANG_WARN__DUPLICATE_METHOD_MATCH = YES;
				COPY_PHASE_STRIP = NO;
				DEBUG_INFORMATION_FORMAT = dwarf;
				ENABLE_STRICT_OBJC_MSGSEND = YES;
				ENABLE_TESTABILITY = YES;
				GCC_C_LANGUAGE_STANDARD = gnu11;
				GCC_DYNAMIC_NO_PIC = NO;
				GCC_NO_COMMON_BLOCKS = YES;
				GCC_OPTIMIZATION_LEVEL = 0;
				GCC_PREPROCESSOR_DEFINITIONS = (
					"DEBUG=1",
					"$(inherited)",
				);
				GCC_WARN_64_TO_32_BIT_CONVERSION = YES;
				GCC_WARN_ABOUT_RETURN_TYPE = YES_ERROR;
				GCC_WARN_UNDECLARED_SELECTOR = YES;
				GCC_WARN_UNINITIALIZED_AUTOS = YES_AGGRESSIVE;
				GCC_WARN_UNUSED_FUNCTION = YES;
				GCC_WARN_UNUSED_VARIABLE = YES;
				IPHONEOS_DEPLOYMENT_TARGET = 16.4;
				MTL_ENABLE_DEBUG_INFO = INCLUDE_SOURCE;
				MTL_FAST_MATH = YES;
				ONLY_ACTIVE_ARCH = YES;
				SDKROOT = iphoneos;
				SWIFT_ACTIVE_COMPILATION_CONDITIONS = DEBUG;
				SWIFT_OPTIMIZATION_LEVEL = "-Onone";
			};
			name = Debug;
		};
		152FC7142A1765E2004B6B81 /* Release */ = {
			isa = XCBuildConfiguration;
			buildSettings = {
				ALWAYS_SEARCH_USER_PATHS = NO;
				CLANG_ANALYZER_NONNULL = YES;
				CLANG_ANALYZER_NUMBER_OBJECT_CONVERSION = YES_AGGRESSIVE;
				CLANG_CXX_LANGUAGE_STANDARD = "gnu++20";
				CLANG_ENABLE_MODULES = YES;
				CLANG_ENABLE_OBJC_ARC = YES;
				CLANG_ENABLE_OBJC_WEAK = YES;
				CLANG_WARN_BLOCK_CAPTURE_AUTORELEASING = YES;
				CLANG_WARN_BOOL_CONVERSION = YES;
				CLANG_WARN_COMMA = YES;
				CLANG_WARN_CONSTANT_CONVERSION = YES;
				CLANG_WARN_DEPRECATED_OBJC_IMPLEMENTATIONS = YES;
				CLANG_WARN_DIRECT_OBJC_ISA_USAGE = YES_ERROR;
				CLANG_WARN_DOCUMENTATION_COMMENTS = YES;
				CLANG_WARN_EMPTY_BODY = YES;
				CLANG_WARN_ENUM_CONVERSION = YES;
				CLANG_WARN_INFINITE_RECURSION = YES;
				CLANG_WARN_INT_CONVERSION = YES;
				CLANG_WARN_NON_LITERAL_NULL_CONVERSION = YES;
				CLANG_WARN_OBJC_IMPLICIT_RETAIN_SELF = YES;
				CLANG_WARN_OBJC_LITERAL_CONVERSION = YES;
				CLANG_WARN_OBJC_ROOT_CLASS = YES_ERROR;
				CLANG_WARN_QUOTED_INCLUDE_IN_FRAMEWORK_HEADER = YES;
				CLANG_WARN_RANGE_LOOP_ANALYSIS = YES;
				CLANG_WARN_STRICT_PROTOTYPES = YES;
				CLANG_WARN_SUSPICIOUS_MOVE = YES;
				CLANG_WARN_UNGUARDED_AVAILABILITY = YES_AGGRESSIVE;
				CLANG_WARN_UNREACHABLE_CODE = YES;
				CLANG_WARN__DUPLICATE_METHOD_MATCH = YES;
				COPY_PHASE_STRIP = NO;
				DEBUG_INFORMATION_FORMAT = "dwarf-with-dsym";
				ENABLE_NS_ASSERTIONS = NO;
				ENABLE_STRICT_OBJC_MSGSEND = YES;
				GCC_C_LANGUAGE_STANDARD = gnu11;
				GCC_NO_COMMON_BLOCKS = YES;
				GCC_WARN_64_TO_32_BIT_CONVERSION = YES;
				GCC_WARN_ABOUT_RETURN_TYPE = YES_ERROR;
				GCC_WARN_UNDECLARED_SELECTOR = YES;
				GCC_WARN_UNINITIALIZED_AUTOS = YES_AGGRESSIVE;
				GCC_WARN_UNUSED_FUNCTION = YES;
				GCC_WARN_UNUSED_VARIABLE = YES;
				IPHONEOS_DEPLOYMENT_TARGET = 16.4;
				MTL_ENABLE_DEBUG_INFO = NO;
				MTL_FAST_MATH = YES;
				SDKROOT = iphoneos;
				SWIFT_COMPILATION_MODE = wholemodule;
				SWIFT_OPTIMIZATION_LEVEL = "-O";
				VALIDATE_PRODUCT = YES;
			};
			name = Release;
		};
		152FC7162A1765E2004B6B81 /* Debug */ = {
			isa = XCBuildConfiguration;
			buildSettings = {
				ASSETCATALOG_COMPILER_APPICON_NAME = AppIcon;
				ASSETCATALOG_COMPILER_GLOBAL_ACCENT_COLOR_NAME = AccentColor;
				CODE_SIGN_STYLE = Automatic;
				CURRENT_PROJECT_VERSION = 1;
				DEVELOPMENT_TEAM = DJDVY4P58A;
				GENERATE_INFOPLIST_FILE = YES;
				INFOPLIST_FILE = "iOS-Final/Info.plist";
				INFOPLIST_KEY_UIApplicationSupportsIndirectInputEvents = YES;
				INFOPLIST_KEY_UILaunchStoryboardName = LaunchScreen;
				INFOPLIST_KEY_UIMainStoryboardFile = "";
				INFOPLIST_KEY_UISupportedInterfaceOrientations_iPad = "UIInterfaceOrientationPortrait UIInterfaceOrientationPortraitUpsideDown UIInterfaceOrientationLandscapeLeft UIInterfaceOrientationLandscapeRight";
				INFOPLIST_KEY_UISupportedInterfaceOrientations_iPhone = "UIInterfaceOrientationPortrait UIInterfaceOrientationLandscapeLeft UIInterfaceOrientationLandscapeRight";
				LD_RUNPATH_SEARCH_PATHS = (
					"$(inherited)",
					"@executable_path/Frameworks",
				);
				MARKETING_VERSION = 1.0;
				PRODUCT_BUNDLE_IDENTIFIER = "KBTU.iOS-Final";
				PRODUCT_NAME = "$(TARGET_NAME)";
				SWIFT_EMIT_LOC_STRINGS = YES;
				SWIFT_VERSION = 5.0;
				TARGETED_DEVICE_FAMILY = "1,2";
			};
			name = Debug;
		};
		152FC7172A1765E2004B6B81 /* Release */ = {
			isa = XCBuildConfiguration;
			buildSettings = {
				ASSETCATALOG_COMPILER_APPICON_NAME = AppIcon;
				ASSETCATALOG_COMPILER_GLOBAL_ACCENT_COLOR_NAME = AccentColor;
				CODE_SIGN_STYLE = Automatic;
				CURRENT_PROJECT_VERSION = 1;
				DEVELOPMENT_TEAM = DJDVY4P58A;
				GENERATE_INFOPLIST_FILE = YES;
				INFOPLIST_FILE = "iOS-Final/Info.plist";
				INFOPLIST_KEY_UIApplicationSupportsIndirectInputEvents = YES;
				INFOPLIST_KEY_UILaunchStoryboardName = LaunchScreen;
				INFOPLIST_KEY_UIMainStoryboardFile = "";
				INFOPLIST_KEY_UISupportedInterfaceOrientations_iPad = "UIInterfaceOrientationPortrait UIInterfaceOrientationPortraitUpsideDown UIInterfaceOrientationLandscapeLeft UIInterfaceOrientationLandscapeRight";
				INFOPLIST_KEY_UISupportedInterfaceOrientations_iPhone = "UIInterfaceOrientationPortrait UIInterfaceOrientationLandscapeLeft UIInterfaceOrientationLandscapeRight";
				LD_RUNPATH_SEARCH_PATHS = (
					"$(inherited)",
					"@executable_path/Frameworks",
				);
				MARKETING_VERSION = 1.0;
				PRODUCT_BUNDLE_IDENTIFIER = "KBTU.iOS-Final";
				PRODUCT_NAME = "$(TARGET_NAME)";
				SWIFT_EMIT_LOC_STRINGS = YES;
				SWIFT_VERSION = 5.0;
				TARGETED_DEVICE_FAMILY = "1,2";
			};
			name = Release;
		};
/* End XCBuildConfiguration section */

/* Begin XCConfigurationList section */
		152FC6FC2A1765E1004B6B81 /* Build configuration list for PBXProject "iOS-Final" */ = {
			isa = XCConfigurationList;
			buildConfigurations = (
				152FC7132A1765E2004B6B81 /* Debug */,
				152FC7142A1765E2004B6B81 /* Release */,
			);
			defaultConfigurationIsVisible = 0;
			defaultConfigurationName = Release;
		};
		152FC7152A1765E2004B6B81 /* Build configuration list for PBXNativeTarget "iOS-Final" */ = {
			isa = XCConfigurationList;
			buildConfigurations = (
				152FC7162A1765E2004B6B81 /* Debug */,
				152FC7172A1765E2004B6B81 /* Release */,
			);
			defaultConfigurationIsVisible = 0;
			defaultConfigurationName = Release;
		};
/* End XCConfigurationList section */
	};
	rootObject = 152FC6F92A1765E1004B6B81 /* Project object */;
}
